
Microsoft Visual Studio Solution File, Format Version 12.00
# Visual Studio Version 17
VisualStudioVersion = 17.8.34525.116
MinimumVisualStudioVersion = 10.0.40219.1
Project("{FAE04EC0-301F-11D3-BF4B-00C04F79EFBC}") = "ConsoleSalario", "ConsoleSalario\ConsoleSalario.csproj", "{D576F3D1-B7DD-4975-8A4C-14D595D10712}"
EndProject
Global
	GlobalSection(SolutionConfigurationPlatforms) = preSolution
		Debug|Any CPU = Debug|Any CPU
		Release|Any CPU = Release|Any CPU
	EndGlobalSection
	GlobalSection(ProjectConfigurationPlatforms) = postSolution
		{D576F3D1-B7DD-4975-8A4C-14D595D10712}.Debug|Any CPU.ActiveCfg = Debug|Any CPU
		{D576F3D1-B7DD-4975-8A4C-14D595D10712}.Debug|Any CPU.Build.0 = Debug|Any CPU
		{D576F3D1-B7DD-4975-8A4C-14D595D10712}.Release|Any CPU.ActiveCfg = Release|Any CPU
		{D576F3D1-B7DD-4975-8A4C-14D595D10712}.Release|Any CPU.Build.0 = Release|Any CPU
	EndGlobalSection
	GlobalSection(SolutionProperties) = preSolution
		HideSolutionNode = FALSE
	EndGlobalSection
	GlobalSection(ExtensibilityGlobals) = postSolution
		SolutionGuid = {BC5ECE27-E373-43DF-9BCF-7AE5A2F5A51D}
	EndGlobalSection
EndGlobal
